
Microsoft Visual Studio Solution File, Format Version 12.00
# Visual Studio Version 16
VisualStudioVersion = 16.0.29709.97
MinimumVisualStudioVersion = 10.0.40219.1
Project("{9A19103F-16F7-4668-BE54-9A1E7A4F7556}") = "File_Comparison", "File_Comparison.csproj", "{0A386D9E-9556-468A-B9B1-F32D3B78E486}"
EndProject
Project("{9A19103F-16F7-4668-BE54-9A1E7A4F7556}") = "Unit_Test_File_Comp", "..\Unit_Test_File_Comp\Unit_Test_File_Comp.csproj", "{C22975D8-DAA2-44B1-B95F-DC9E08FC8429}"
EndProject
Global
	GlobalSection(SolutionConfigurationPlatforms) = preSolution
		Debug|Any CPU = Debug|Any CPU
		Release|Any CPU = Release|Any CPU
	EndGlobalSection
	GlobalSection(ProjectConfigurationPlatforms) = postSolution
		{0A386D9E-9556-468A-B9B1-F32D3B78E486}.Debug|Any CPU.ActiveCfg = Debug|Any CPU
		{0A386D9E-9556-468A-B9B1-F32D3B78E486}.Debug|Any CPU.Build.0 = Debug|Any CPU
		{0A386D9E-9556-468A-B9B1-F32D3B78E486}.Release|Any CPU.ActiveCfg = Release|Any CPU
		{0A386D9E-9556-468A-B9B1-F32D3B78E486}.Release|Any CPU.Build.0 = Release|Any CPU
		{C22975D8-DAA2-44B1-B95F-DC9E08FC8429}.Debug|Any CPU.ActiveCfg = Debug|Any CPU
		{C22975D8-DAA2-44B1-B95F-DC9E08FC8429}.Debug|Any CPU.Build.0 = Debug|Any CPU
		{C22975D8-DAA2-44B1-B95F-DC9E08FC8429}.Release|Any CPU.ActiveCfg = Release|Any CPU
		{C22975D8-DAA2-44B1-B95F-DC9E08FC8429}.Release|Any CPU.Build.0 = Release|Any CPU
	EndGlobalSection
	GlobalSection(SolutionProperties) = preSolution
		HideSolutionNode = FALSE
	EndGlobalSection
	GlobalSection(ExtensibilityGlobals) = postSolution
		SolutionGuid = {BF593668-4AB7-4440-A93F-E7BD1B42782B}
	EndGlobalSection
EndGlobal
